
Microsoft Visual Studio Solution File, Format Version 11.00
# Visual Studio 2010
Project("{FAE04EC0-301F-11D3-BF4B-00C04F79EFBC}") = "athena.AR.SVC", "athenaSVC\athena.AR.SVC.csproj", "{ECC7AFE9-98F8-44EC-B033-FFEB5F537F3C}"
EndProject
Project("{54435603-DBB4-11D2-8724-00A0C9A8B90C}") = "athenaSVCInstaller", "athenaSVCInstaller\athenaSVCInstaller.vdproj", "{85055D3A-82DA-4E17-81A5-84770B20AC06}"
EndProject
Project("{FAE04EC0-301F-11D3-BF4B-00C04F79EFBC}") = "athenaSVC.Test.Windows", "athenaSVC.Windows\athenaSVC.Test.Windows.csproj", "{B6E83137-BAE7-43C9-8623-42A1FF9B6832}"
EndProject
Project("{FAE04EC0-301F-11D3-BF4B-00C04F79EFBC}") = "athena.AR.SVC.Library", "athenaSVC.Library\athena.AR.SVC.Library.csproj", "{13009C41-C992-4035-8897-19CBEA09F52B}"
EndProject
Project("{FAE04EC0-301F-11D3-BF4B-00C04F79EFBC}") = "athena.AR.Data", "..\athenaAR.Data\athena.AR.Data.csproj", "{056BFA5F-C537-4CDE-9EF6-B5BB8A05C4DF}"
EndProject
Global
	GlobalSection(SolutionConfigurationPlatforms) = preSolution
		Debug|Any CPU = Debug|Any CPU
		Debug|Mixed Platforms = Debug|Mixed Platforms
		Debug|x86 = Debug|x86
		Release|Any CPU = Release|Any CPU
		Release|Mixed Platforms = Release|Mixed Platforms
		Release|x86 = Release|x86
	EndGlobalSection
	GlobalSection(ProjectConfigurationPlatforms) = postSolution
		{ECC7AFE9-98F8-44EC-B033-FFEB5F537F3C}.Debug|Any CPU.ActiveCfg = Debug|x86
		{ECC7AFE9-98F8-44EC-B033-FFEB5F537F3C}.Debug|Mixed Platforms.ActiveCfg = Debug|x86
		{ECC7AFE9-98F8-44EC-B033-FFEB5F537F3C}.Debug|Mixed Platforms.Build.0 = Debug|x86
		{ECC7AFE9-98F8-44EC-B033-FFEB5F537F3C}.Debug|x86.ActiveCfg = Debug|x86
		{ECC7AFE9-98F8-44EC-B033-FFEB5F537F3C}.Debug|x86.Build.0 = Debug|x86
		{ECC7AFE9-98F8-44EC-B033-FFEB5F537F3C}.Release|Any CPU.ActiveCfg = Release|x86
		{ECC7AFE9-98F8-44EC-B033-FFEB5F537F3C}.Release|Mixed Platforms.ActiveCfg = Release|x86
		{ECC7AFE9-98F8-44EC-B033-FFEB5F537F3C}.Release|Mixed Platforms.Build.0 = Release|x86
		{ECC7AFE9-98F8-44EC-B033-FFEB5F537F3C}.Release|x86.ActiveCfg = Release|x86
		{ECC7AFE9-98F8-44EC-B033-FFEB5F537F3C}.Release|x86.Build.0 = Release|x86
		{85055D3A-82DA-4E17-81A5-84770B20AC06}.Debug|Any CPU.ActiveCfg = Debug
		{85055D3A-82DA-4E17-81A5-84770B20AC06}.Debug|Any CPU.Build.0 = Debug
		{85055D3A-82DA-4E17-81A5-84770B20AC06}.Debug|Mixed Platforms.ActiveCfg = Debug
		{85055D3A-82DA-4E17-81A5-84770B20AC06}.Debug|Mixed Platforms.Build.0 = Debug
		{85055D3A-82DA-4E17-81A5-84770B20AC06}.Debug|x86.ActiveCfg = Debug
		{85055D3A-82DA-4E17-81A5-84770B20AC06}.Release|Any CPU.ActiveCfg = Release
		{85055D3A-82DA-4E17-81A5-84770B20AC06}.Release|Any CPU.Build.0 = Release
		{85055D3A-82DA-4E17-81A5-84770B20AC06}.Release|Mixed Platforms.ActiveCfg = Release
		{85055D3A-82DA-4E17-81A5-84770B20AC06}.Release|Mixed Platforms.Build.0 = Release
		{85055D3A-82DA-4E17-81A5-84770B20AC06}.Release|x86.ActiveCfg = Release
		{B6E83137-BAE7-43C9-8623-42A1FF9B6832}.Debug|Any CPU.ActiveCfg = Debug|x86
		{B6E83137-BAE7-43C9-8623-42A1FF9B6832}.Debug|Mixed Platforms.ActiveCfg = Debug|x86
		{B6E83137-BAE7-43C9-8623-42A1FF9B6832}.Debug|Mixed Platforms.Build.0 = Debug|x86
		{B6E83137-BAE7-43C9-8623-42A1FF9B6832}.Debug|x86.ActiveCfg = Debug|x86
		{B6E83137-BAE7-43C9-8623-42A1FF9B6832}.Debug|x86.Build.0 = Debug|x86
		{B6E83137-BAE7-43C9-8623-42A1FF9B6832}.Release|Any CPU.ActiveCfg = Release|x86
		{B6E83137-BAE7-43C9-8623-42A1FF9B6832}.Release|Mixed Platforms.ActiveCfg = Release|x86
		{B6E83137-BAE7-43C9-8623-42A1FF9B6832}.Release|Mixed Platforms.Build.0 = Release|x86
		{B6E83137-BAE7-43C9-8623-42A1FF9B6832}.Release|x86.ActiveCfg = Release|x86
		{B6E83137-BAE7-43C9-8623-42A1FF9B6832}.Release|x86.Build.0 = Release|x86
		{13009C41-C992-4035-8897-19CBEA09F52B}.Debug|Any CPU.ActiveCfg = Debug|Any CPU
		{13009C41-C992-4035-8897-19CBEA09F52B}.Debug|Any CPU.Build.0 = Debug|Any CPU
		{13009C41-C992-4035-8897-19CBEA09F52B}.Debug|Mixed Platforms.ActiveCfg = Debug|Any CPU
		{13009C41-C992-4035-8897-19CBEA09F52B}.Debug|Mixed Platforms.Build.0 = Debug|Any CPU
		{13009C41-C992-4035-8897-19CBEA09F52B}.Debug|x86.ActiveCfg = Debug|Any CPU
		{13009C41-C992-4035-8897-19CBEA09F52B}.Release|Any CPU.ActiveCfg = Release|Any CPU
		{13009C41-C992-4035-8897-19CBEA09F52B}.Release|Any CPU.Build.0 = Release|Any CPU
		{13009C41-C992-4035-8897-19CBEA09F52B}.Release|Mixed Platforms.ActiveCfg = Release|Any CPU
		{13009C41-C992-4035-8897-19CBEA09F52B}.Release|Mixed Platforms.Build.0 = Release|Any CPU
		{13009C41-C992-4035-8897-19CBEA09F52B}.Release|x86.ActiveCfg = Release|Any CPU
		{056BFA5F-C537-4CDE-9EF6-B5BB8A05C4DF}.Debug|Any CPU.ActiveCfg = Debug|Any CPU
		{056BFA5F-C537-4CDE-9EF6-B5BB8A05C4DF}.Debug|Any CPU.Build.0 = Debug|Any CPU
		{056BFA5F-C537-4CDE-9EF6-B5BB8A05C4DF}.Debug|Mixed Platforms.ActiveCfg = Debug|Any CPU
		{056BFA5F-C537-4CDE-9EF6-B5BB8A05C4DF}.Debug|Mixed Platforms.Build.0 = Debug|Any CPU
		{056BFA5F-C537-4CDE-9EF6-B5BB8A05C4DF}.Debug|x86.ActiveCfg = Debug|Any CPU
		{056BFA5F-C537-4CDE-9EF6-B5BB8A05C4DF}.Release|Any CPU.ActiveCfg = Release|Any CPU
		{056BFA5F-C537-4CDE-9EF6-B5BB8A05C4DF}.Release|Any CPU.Build.0 = Release|Any CPU
		{056BFA5F-C537-4CDE-9EF6-B5BB8A05C4DF}.Release|Mixed Platforms.ActiveCfg = Release|Any CPU
		{056BFA5F-C537-4CDE-9EF6-B5BB8A05C4DF}.Release|Mixed Platforms.Build.0 = Release|Any CPU
		{056BFA5F-C537-4CDE-9EF6-B5BB8A05C4DF}.Release|x86.ActiveCfg = Release|Any CPU
	EndGlobalSection
	GlobalSection(SolutionProperties) = preSolution
		HideSolutionNode = FALSE
	EndGlobalSection
EndGlobal
